
Microsoft Visual Studio Solution File, Format Version 12.00
# Visual Studio Version 16
VisualStudioVersion = 16.0.28516.95
MinimumVisualStudioVersion = 10.0.40219.1
Project("{FAE04EC0-301F-11D3-BF4B-00C04F79EFBC}") = "FlowGraph", "src\FlowGraph\FlowGraph.csproj", "{E981C339-24F9-4DE4-9092-ED1959219993}"
EndProject
Project("{2150E333-8FDC-42A3-9474-1A3956D46DE8}") = "src", "src", "{7F52E0EB-A844-4103-8859-DA44C3458E22}"
EndProject
Project("{FAE04EC0-301F-11D3-BF4B-00C04F79EFBC}") = "FlowGraph.Editor", "src\FlowGraph.Editor\FlowGraph.Editor.csproj", "{6017A23A-D362-44C8-A068-FEDD4FFFE3C6}"
EndProject
Global
	GlobalSection(SolutionConfigurationPlatforms) = preSolution
		Debug|Any CPU = Debug|Any CPU
		Release|Any CPU = Release|Any CPU
	EndGlobalSection
	GlobalSection(ProjectConfigurationPlatforms) = postSolution
		{E981C339-24F9-4DE4-9092-ED1959219993}.Debug|Any CPU.ActiveCfg = Debug|Any CPU
		{E981C339-24F9-4DE4-9092-ED1959219993}.Debug|Any CPU.Build.0 = Debug|Any CPU
		{E981C339-24F9-4DE4-9092-ED1959219993}.Release|Any CPU.ActiveCfg = Release|Any CPU
		{E981C339-24F9-4DE4-9092-ED1959219993}.Release|Any CPU.Build.0 = Release|Any CPU
		{6017A23A-D362-44C8-A068-FEDD4FFFE3C6}.Debug|Any CPU.ActiveCfg = Debug|Any CPU
		{6017A23A-D362-44C8-A068-FEDD4FFFE3C6}.Debug|Any CPU.Build.0 = Debug|Any CPU
		{6017A23A-D362-44C8-A068-FEDD4FFFE3C6}.Release|Any CPU.ActiveCfg = Release|Any CPU
		{6017A23A-D362-44C8-A068-FEDD4FFFE3C6}.Release|Any CPU.Build.0 = Release|Any CPU
	EndGlobalSection
	GlobalSection(SolutionProperties) = preSolution
		HideSolutionNode = FALSE
	EndGlobalSection
	GlobalSection(NestedProjects) = preSolution
		{E981C339-24F9-4DE4-9092-ED1959219993} = {7F52E0EB-A844-4103-8859-DA44C3458E22}
		{6017A23A-D362-44C8-A068-FEDD4FFFE3C6} = {7F52E0EB-A844-4103-8859-DA44C3458E22}
	EndGlobalSection
	GlobalSection(ExtensibilityGlobals) = postSolution
		SolutionGuid = {72758C3A-43D4-4D54-90B7-45B23D399206}
	EndGlobalSection
EndGlobal
